
Microsoft Visual Studio Solution File, Format Version 12.00
# Visual Studio Version 17
VisualStudioVersion = 17.5.33627.172
MinimumVisualStudioVersion = 10.0.40219.1
Project("{FAE04EC0-301F-11D3-BF4B-00C04F79EFBC}") = "ConsoleAppEFBasics", "ConsoleAppEFBasics\ConsoleAppEFBasics.csproj", "{371771BC-CB93-469D-92F4-382BDA3A6866}"
EndProject
Global
	GlobalSection(SolutionConfigurationPlatforms) = preSolution
		Debug|Any CPU = Debug|Any CPU
		Release|Any CPU = Release|Any CPU
	EndGlobalSection
	GlobalSection(ProjectConfigurationPlatforms) = postSolution
		{371771BC-CB93-469D-92F4-382BDA3A6866}.Debug|Any CPU.ActiveCfg = Debug|Any CPU
		{371771BC-CB93-469D-92F4-382BDA3A6866}.Debug|Any CPU.Build.0 = Debug|Any CPU
		{371771BC-CB93-469D-92F4-382BDA3A6866}.Release|Any CPU.ActiveCfg = Release|Any CPU
		{371771BC-CB93-469D-92F4-382BDA3A6866}.Release|Any CPU.Build.0 = Release|Any CPU
	EndGlobalSection
	GlobalSection(SolutionProperties) = preSolution
		HideSolutionNode = FALSE
	EndGlobalSection
	GlobalSection(ExtensibilityGlobals) = postSolution
		SolutionGuid = {79AEDD21-3D9A-4932-9974-8A2977354B1B}
	EndGlobalSection
EndGlobal
